// !$*UTF8*$!
{
	archiveVersion = 1;
	classes = {
	};
	objectVersion = 55;
	objects = {

/* Begin PBXBuildFile section */
		21164EF026E983C7008B87E0 /* AppDelegate.swift in Sources */ = {isa = PBXBuildFile; fileRef = 21164EEF26E983C7008B87E0 /* AppDelegate.swift */; };
		21164EF226E983C7008B87E0 /* SceneDelegate.swift in Sources */ = {isa = PBXBuildFile; fileRef = 21164EF126E983C7008B87E0 /* SceneDelegate.swift */; };
		21164EF426E983C7008B87E0 /* CountryListViewController.swift in Sources */ = {isa = PBXBuildFile; fileRef = 21164EF326E983C7008B87E0 /* CountryListViewController.swift */; };
		21164EF926E983CA008B87E0 /* Assets.xcassets in Resources */ = {isa = PBXBuildFile; fileRef = 21164EF826E983CA008B87E0 /* Assets.xcassets */; };
		21164EFC26E983CA008B87E0 /* LaunchScreen.storyboard in Resources */ = {isa = PBXBuildFile; fileRef = 21164EFA26E983CA008B87E0 /* LaunchScreen.storyboard */; };
		21164F0726E983CA008B87E0 /* CountryTests.swift in Sources */ = {isa = PBXBuildFile; fileRef = 21164F0626E983CA008B87E0 /* CountryTests.swift */; };
		21164F1126E983CA008B87E0 /* GroupsUITests.swift in Sources */ = {isa = PBXBuildFile; fileRef = 21164F1026E983CA008B87E0 /* GroupsUITests.swift */; };
		21164F1326E983CA008B87E0 /* GroupsUITestsLaunchTests.swift in Sources */ = {isa = PBXBuildFile; fileRef = 21164F1226E983CA008B87E0 /* GroupsUITestsLaunchTests.swift */; };
		21164F2126E983EF008B87E0 /* groups.json in Resources */ = {isa = PBXBuildFile; fileRef = 21164F2026E983EF008B87E0 /* groups.json */; };
		21164F2326E9843E008B87E0 /* Group.swift in Sources */ = {isa = PBXBuildFile; fileRef = 21164F2226E9843E008B87E0 /* Group.swift */; };
		21164F2526E985CC008B87E0 /* Country.swift in Sources */ = {isa = PBXBuildFile; fileRef = 21164F2426E985CB008B87E0 /* Country.swift */; };
		21164F2726EA56A8008B87E0 /* GroupListViewController.swift in Sources */ = {isa = PBXBuildFile; fileRef = 21164F2626EA56A8008B87E0 /* GroupListViewController.swift */; };
		21164F2A26EA57A0008B87E0 /* GroupViewController.swift in Sources */ = {isa = PBXBuildFile; fileRef = 21164F2926EA57A0008B87E0 /* GroupViewController.swift */; };
/* End PBXBuildFile section */

/* Begin PBXContainerItemProxy section */
		21164F0326E983CA008B87E0 /* PBXContainerItemProxy */ = {
			isa = PBXContainerItemProxy;
			containerPortal = 21164EE426E983C7008B87E0 /* Project object */;
			proxyType = 1;
			remoteGlobalIDString = 21164EEB26E983C7008B87E0;
			remoteInfo = Groups;
		};
		21164F0D26E983CA008B87E0 /* PBXContainerItemProxy */ = {
			isa = PBXContainerItemProxy;
			containerPortal = 21164EE426E983C7008B87E0 /* Project object */;
			proxyType = 1;
			remoteGlobalIDString = 21164EEB26E983C7008B87E0;
			remoteInfo = Groups;
		};
/* End PBXContainerItemProxy section */

/* Begin PBXFileReference section */
		21164EEC26E983C7008B87E0 /* Groups.app */ = {isa = PBXFileReference; explicitFileType = wrapper.application; includeInIndex = 0; path = Groups.app; sourceTree = BUILT_PRODUCTS_DIR; };
		21164EEF26E983C7008B87E0 /* AppDelegate.swift */ = {isa = PBXFileReference; lastKnownFileType = sourcecode.swift; path = AppDelegate.swift; sourceTree = "<group>"; };
		21164EF126E983C7008B87E0 /* SceneDelegate.swift */ = {isa = PBXFileReference; lastKnownFileType = sourcecode.swift; path = SceneDelegate.swift; sourceTree = "<group>"; };
		21164EF326E983C7008B87E0 /* CountryListViewController.swift */ = {isa = PBXFileReference; lastKnownFileType = sourcecode.swift; path = CountryListViewController.swift; sourceTree = "<group>"; };
		21164EF826E983CA008B87E0 /* Assets.xcassets */ = {isa = PBXFileReference; lastKnownFileType = folder.assetcatalog; path = Assets.xcassets; sourceTree = "<group>"; };
		21164EFB26E983CA008B87E0 /* Base */ = {isa = PBXFileReference; lastKnownFileType = file.storyboard; name = Base; path = Base.lproj/LaunchScreen.storyboard; sourceTree = "<group>"; };
		21164EFD26E983CA008B87E0 /* Info.plist */ = {isa = PBXFileReference; lastKnownFileType = text.plist.xml; path = Info.plist; sourceTree = "<group>"; };
		21164F0226E983CA008B87E0 /* GroupsTests.xctest */ = {isa = PBXFileReference; explicitFileType = wrapper.cfbundle; includeInIndex = 0; path = GroupsTests.xctest; sourceTree = BUILT_PRODUCTS_DIR; };
		21164F0626E983CA008B87E0 /* CountryTests.swift */ = {isa = PBXFileReference; lastKnownFileType = sourcecode.swift; path = CountryTests.swift; sourceTree = "<group>"; };
		21164F0C26E983CA008B87E0 /* GroupsUITests.xctest */ = {isa = PBXFileReference; explicitFileType = wrapper.cfbundle; includeInIndex = 0; path = GroupsUITests.xctest; sourceTree = BUILT_PRODUCTS_DIR; };
		21164F1026E983CA008B87E0 /* GroupsUITests.swift */ = {isa = PBXFileReference; lastKnownFileType = sourcecode.swift; path = GroupsUITests.swift; sourceTree = "<group>"; };
		21164F1226E983CA008B87E0 /* GroupsUITestsLaunchTests.swift */ = {isa = PBXFileReference; lastKnownFileType = sourcecode.swift; path = GroupsUITestsLaunchTests.swift; sourceTree = "<group>"; };
		21164F2026E983EF008B87E0 /* groups.json */ = {isa = PBXFileReference; fileEncoding = 4; lastKnownFileType = text.json; path = groups.json; sourceTree = "<group>"; };
		21164F2226E9843E008B87E0 /* Group.swift */ = {isa = PBXFileReference; lastKnownFileType = sourcecode.swift; path = Group.swift; sourceTree = "<group>"; };
		21164F2426E985CB008B87E0 /* Country.swift */ = {isa = PBXFileReference; lastKnownFileType = sourcecode.swift; path = Country.swift; sourceTree = "<group>"; };
		21164F2626EA56A8008B87E0 /* GroupListViewController.swift */ = {isa = PBXFileReference; lastKnownFileType = sourcecode.swift; path = GroupListViewController.swift; sourceTree = "<group>"; };
		21164F2926EA57A0008B87E0 /* GroupViewController.swift */ = {isa = PBXFileReference; lastKnownFileType = sourcecode.swift; path = GroupViewController.swift; sourceTree = "<group>"; };
/* End PBXFileReference section */

/* Begin PBXFrameworksBuildPhase section */
		21164EE926E983C7008B87E0 /* Frameworks */ = {
			isa = PBXFrameworksBuildPhase;
			buildActionMask = 2147483647;
			files = (
			);
			runOnlyForDeploymentPostprocessing = 0;
		};
		21164EFF26E983CA008B87E0 /* Frameworks */ = {
			isa = PBXFrameworksBuildPhase;
			buildActionMask = 2147483647;
			files = (
			);
			runOnlyForDeploymentPostprocessing = 0;
		};
		21164F0926E983CA008B87E0 /* Frameworks */ = {
			isa = PBXFrameworksBuildPhase;
			buildActionMask = 2147483647;
			files = (
			);
			runOnlyForDeploymentPostprocessing = 0;
		};
/* End PBXFrameworksBuildPhase section */

/* Begin PBXGroup section */
		21164EE326E983C7008B87E0 = {
			isa = PBXGroup;
			children = (
				21164EEE26E983C7008B87E0 /* Groups */,
				21164F0526E983CA008B87E0 /* GroupsTests */,
				21164F0F26E983CA008B87E0 /* GroupsUITests */,
				21164EED26E983C7008B87E0 /* Products */,
			);
			sourceTree = "<group>";
		};
		21164EED26E983C7008B87E0 /* Products */ = {
			isa = PBXGroup;
			children = (
				21164EEC26E983C7008B87E0 /* Groups.app */,
				21164F0226E983CA008B87E0 /* GroupsTests.xctest */,
				21164F0C26E983CA008B87E0 /* GroupsUITests.xctest */,
			);
			name = Products;
			sourceTree = "<group>";
		};
		21164EEE26E983C7008B87E0 /* Groups */ = {
			isa = PBXGroup;
			children = (
				21164EEF26E983C7008B87E0 /* AppDelegate.swift */,
				21164EF126E983C7008B87E0 /* SceneDelegate.swift */,
				21164EF826E983CA008B87E0 /* Assets.xcassets */,
				21164EFA26E983CA008B87E0 /* LaunchScreen.storyboard */,
				21164EFD26E983CA008B87E0 /* Info.plist */,
				21164F1F26E983D2008B87E0 /* Model */,
				21164F2826EA56B0008B87E0 /* View Controllers */,
			);
			path = Groups;
			sourceTree = "<group>";
		};
		21164F0526E983CA008B87E0 /* GroupsTests */ = {
			isa = PBXGroup;
			children = (
				21164F0626E983CA008B87E0 /* CountryTests.swift */,
			);
			path = GroupsTests;
			sourceTree = "<group>";
		};
		21164F0F26E983CA008B87E0 /* GroupsUITests */ = {
			isa = PBXGroup;
			children = (
				21164F1026E983CA008B87E0 /* GroupsUITests.swift */,
				21164F1226E983CA008B87E0 /* GroupsUITestsLaunchTests.swift */,
			);
			path = GroupsUITests;
			sourceTree = "<group>";
		};
		21164F1F26E983D2008B87E0 /* Model */ = {
			isa = PBXGroup;
			children = (
				21164F2426E985CB008B87E0 /* Country.swift */,
				21164F2226E9843E008B87E0 /* Group.swift */,
				21164F2026E983EF008B87E0 /* groups.json */,
			);
			path = Model;
			sourceTree = "<group>";
		};
		21164F2826EA56B0008B87E0 /* View Controllers */ = {
			isa = PBXGroup;
			children = (
				21164EF326E983C7008B87E0 /* CountryListViewController.swift */,
				21164F2626EA56A8008B87E0 /* GroupListViewController.swift */,
				21164F2926EA57A0008B87E0 /* GroupViewController.swift */,
			);
			path = "View Controllers";
			sourceTree = "<group>";
		};
/* End PBXGroup section */

/* Begin PBXNativeTarget section */
		21164EEB26E983C7008B87E0 /* Groups */ = {
			isa = PBXNativeTarget;
			buildConfigurationList = 21164F1626E983CA008B87E0 /* Build configuration list for PBXNativeTarget "Groups" */;
			buildPhases = (
				21164EE826E983C7008B87E0 /* Sources */,
				21164EE926E983C7008B87E0 /* Frameworks */,
				21164EEA26E983C7008B87E0 /* Resources */,
			);
			buildRules = (
			);
			dependencies = (
			);
			name = Groups;
			productName = Groups;
			productReference = 21164EEC26E983C7008B87E0 /* Groups.app */;
			productType = "com.apple.product-type.application";
		};
		21164F0126E983CA008B87E0 /* GroupsTests */ = {
			isa = PBXNativeTarget;
			buildConfigurationList = 21164F1926E983CA008B87E0 /* Build configuration list for PBXNativeTarget "GroupsTests" */;
			buildPhases = (
				21164EFE26E983CA008B87E0 /* Sources */,
				21164EFF26E983CA008B87E0 /* Frameworks */,
				21164F0026E983CA008B87E0 /* Resources */,
			);
			buildRules = (
			);
			dependencies = (
				21164F0426E983CA008B87E0 /* PBXTargetDependency */,
			);
			name = GroupsTests;
			productName = GroupsTests;
			productReference = 21164F0226E983CA008B87E0 /* GroupsTests.xctest */;
			productType = "com.apple.product-type.bundle.unit-test";
		};
		21164F0B26E983CA008B87E0 /* GroupsUITests */ = {
			isa = PBXNativeTarget;
			buildConfigurationList = 21164F1C26E983CA008B87E0 /* Build configuration list for PBXNativeTarget "GroupsUITests" */;
			buildPhases = (
				21164F0826E983CA008B87E0 /* Sources */,
				21164F0926E983CA008B87E0 /* Frameworks */,
				21164F0A26E983CA008B87E0 /* Resources */,
			);
			buildRules = (
			);
			dependencies = (
				21164F0E26E983CA008B87E0 /* PBXTargetDependency */,
			);
			name = GroupsUITests;
			productName = GroupsUITests;
			productReference = 21164F0C26E983CA008B87E0 /* GroupsUITests.xctest */;
			productType = "com.apple.product-type.bundle.ui-testing";
		};
/* End PBXNativeTarget section */

/* Begin PBXProject section */
		21164EE426E983C7008B87E0 /* Project object */ = {
			isa = PBXProject;
			attributes = {
				BuildIndependentTargetsInParallel = 1;
				LastSwiftUpdateCheck = 1300;
				LastUpgradeCheck = 1300;
				TargetAttributes = {
					21164EEB26E983C7008B87E0 = {
						CreatedOnToolsVersion = 13.0;
					};
					21164F0126E983CA008B87E0 = {
						CreatedOnToolsVersion = 13.0;
						TestTargetID = 21164EEB26E983C7008B87E0;
					};
					21164F0B26E983CA008B87E0 = {
						CreatedOnToolsVersion = 13.0;
						TestTargetID = 21164EEB26E983C7008B87E0;
					};
				};
			};
			buildConfigurationList = 21164EE726E983C7008B87E0 /* Build configuration list for PBXProject "Groups" */;
			compatibilityVersion = "Xcode 13.0";
			developmentRegion = en;
			hasScannedForEncodings = 0;
			knownRegions = (
				en,
				Base,
			);
			mainGroup = 21164EE326E983C7008B87E0;
			productRefGroup = 21164EED26E983C7008B87E0 /* Products */;
			projectDirPath = "";
			projectRoot = "";
			targets = (
				21164EEB26E983C7008B87E0 /* Groups */,
				21164F0126E983CA008B87E0 /* GroupsTests */,
				21164F0B26E983CA008B87E0 /* GroupsUITests */,
			);
		};
/* End PBXProject section */

/* Begin PBXResourcesBuildPhase section */
		21164EEA26E983C7008B87E0 /* Resources */ = {
			isa = PBXResourcesBuildPhase;
			buildActionMask = 2147483647;
			files = (
				21164EFC26E983CA008B87E0 /* LaunchScreen.storyboard in Resources */,
				21164EF926E983CA008B87E0 /* Assets.xcassets in Resources */,
				21164F2126E983EF008B87E0 /* groups.json in Resources */,
			);
			runOnlyForDeploymentPostprocessing = 0;
		};
		21164F0026E983CA008B87E0 /* Resources */ = {
			isa = PBXResourcesBuildPhase;
			buildActionMask = 2147483647;
			files = (
			);
			runOnlyForDeploymentPostprocessing = 0;
		};
		21164F0A26E983CA008B87E0 /* Resources */ = {
			isa = PBXResourcesBuildPhase;
			buildActionMask = 2147483647;
			files = (
			);
			runOnlyForDeploymentPostprocessing = 0;
		};
/* End PBXResourcesBuildPhase section */

/* Begin PBXSourcesBuildPhase section */
		21164EE826E983C7008B87E0 /* Sources */ = {
			isa = PBXSourcesBuildPhase;
			buildActionMask = 2147483647;
			files = (
				21164F2726EA56A8008B87E0 /* GroupListViewController.swift in Sources */,
				21164EF426E983C7008B87E0 /* CountryListViewController.swift in Sources */,
				21164EF026E983C7008B87E0 /* AppDelegate.swift in Sources */,
				21164EF226E983C7008B87E0 /* SceneDelegate.swift in Sources */,
				21164F2526E985CC008B87E0 /* Country.swift in Sources */,
				21164F2326E9843E008B87E0 /* Group.swift in Sources */,
				21164F2A26EA57A0008B87E0 /* GroupViewController.swift in Sources */,
			);
			runOnlyForDeploymentPostprocessing = 0;
		};
		21164EFE26E983CA008B87E0 /* Sources */ = {
			isa = PBXSourcesBuildPhase;
			buildActionMask = 2147483647;
			files = (
				21164F0726E983CA008B87E0 /* CountryTests.swift in Sources */,
			);
			runOnlyForDeploymentPostprocessing = 0;
		};
		21164F0826E983CA008B87E0 /* Sources */ = {
			isa = PBXSourcesBuildPhase;
			buildActionMask = 2147483647;
			files = (
				21164F1326E983CA008B87E0 /* GroupsUITestsLaunchTests.swift in Sources */,
				21164F1126E983CA008B87E0 /* GroupsUITests.swift in Sources */,
			);
			runOnlyForDeploymentPostprocessing = 0;
		};
/* End PBXSourcesBuildPhase section */

/* Begin PBXTargetDependency section */
		21164F0426E983CA008B87E0 /* PBXTargetDependency */ = {
			isa = PBXTargetDependency;
			target = 21164EEB26E983C7008B87E0 /* Groups */;
			targetProxy = 21164F0326E983CA008B87E0 /* PBXContainerItemProxy */;
		};
		21164F0E26E983CA008B87E0 /* PBXTargetDependency */ = {
			isa = PBXTargetDependency;
			target = 21164EEB26E983C7008B87E0 /* Groups */;
			targetProxy = 21164F0D26E983CA008B87E0 /* PBXContainerItemProxy */;
		};
/* End PBXTargetDependency section */

/* Begin PBXVariantGroup section */
		21164EFA26E983CA008B87E0 /* LaunchScreen.storyboard */ = {
			isa = PBXVariantGroup;
			children = (
				21164EFB26E983CA008B87E0 /* Base */,
			);
			name = LaunchScreen.storyboard;
			sourceTree = "<group>";
		};
/* End PBXVariantGroup section */

/* Begin XCBuildConfiguration section */
		21164F1426E983CA008B87E0 /* Debug */ = {
			isa = XCBuildConfiguration;
			buildSettings = {
				ALWAYS_SEARCH_USER_PATHS = NO;
				CLANG_ANALYZER_NONNULL = YES;
				CLANG_ANALYZER_NUMBER_OBJECT_CONVERSION = YES_AGGRESSIVE;
				CLANG_CXX_LANGUAGE_STANDARD = "gnu++17";
				CLANG_CXX_LIBRARY = "libc++";
				CLANG_ENABLE_MODULES = YES;
				CLANG_ENABLE_OBJC_ARC = YES;
				CLANG_ENABLE_OBJC_WEAK = YES;
				CLANG_WARN_BLOCK_CAPTURE_AUTORELEASING = YES;
				CLANG_WARN_BOOL_CONVERSION = YES;
				CLANG_WARN_COMMA = YES;
				CLANG_WARN_CONSTANT_CONVERSION = YES;
				CLANG_WARN_DEPRECATED_OBJC_IMPLEMENTATIONS = YES;
				CLANG_WARN_DIRECT_OBJC_ISA_USAGE = YES_ERROR;
				CLANG_WARN_DOCUMENTATION_COMMENTS = YES;
				CLANG_WARN_EMPTY_BODY = YES;
				CLANG_WARN_ENUM_CONVERSION = YES;
				CLANG_WARN_INFINITE_RECURSION = YES;
				CLANG_WARN_INT_CONVERSION = YES;
				CLANG_WARN_NON_LITERAL_NULL_CONVERSION = YES;
				CLANG_WARN_OBJC_IMPLICIT_RETAIN_SELF = YES;
				CLANG_WARN_OBJC_LITERAL_CONVERSION = YES;
				CLANG_WARN_OBJC_ROOT_CLASS = YES_ERROR;
				CLANG_WARN_QUOTED_INCLUDE_IN_FRAMEWORK_HEADER = YES;
				CLANG_WARN_RANGE_LOOP_ANALYSIS = YES;
				CLANG_WARN_STRICT_PROTOTYPES = YES;
				CLANG_WARN_SUSPICIOUS_MOVE = YES;
				CLANG_WARN_UNGUARDED_AVAILABILITY = YES_AGGRESSIVE;
				CLANG_WARN_UNREACHABLE_CODE = YES;
				CLANG_WARN__DUPLICATE_METHOD_MATCH = YES;
				COPY_PHASE_STRIP = NO;
				DEBUG_INFORMATION_FORMAT = dwarf;
				ENABLE_STRICT_OBJC_MSGSEND = YES;
				ENABLE_TESTABILITY = YES;
				GCC_C_LANGUAGE_STANDARD = gnu11;
				GCC_DYNAMIC_NO_PIC = NO;
				GCC_NO_COMMON_BLOCKS = YES;
				GCC_OPTIMIZATION_LEVEL = 0;
				GCC_PREPROCESSOR_DEFINITIONS = (
					"DEBUG=1",
					"$(inherited)",
				);
				GCC_WARN_64_TO_32_BIT_CONVERSION = YES;
				GCC_WARN_ABOUT_RETURN_TYPE = YES_ERROR;
				GCC_WARN_UNDECLARED_SELECTOR = YES;
				GCC_WARN_UNINITIALIZED_AUTOS = YES_AGGRESSIVE;
				GCC_WARN_UNUSED_FUNCTION = YES;
				GCC_WARN_UNUSED_VARIABLE = YES;
				IPHONEOS_DEPLOYMENT_TARGET = 15.0;
				MTL_ENABLE_DEBUG_INFO = INCLUDE_SOURCE;
				MTL_FAST_MATH = YES;
				ONLY_ACTIVE_ARCH = YES;
				SDKROOT = iphoneos;
				SWIFT_ACTIVE_COMPILATION_CONDITIONS = DEBUG;
				SWIFT_OPTIMIZATION_LEVEL = "-Onone";
			};
			name = Debug;
		};
		21164F1526E983CA008B87E0 /* Release */ = {
			isa = XCBuildConfiguration;
			buildSettings = {
				ALWAYS_SEARCH_USER_PATHS = NO;
				CLANG_ANALYZER_NONNULL = YES;
				CLANG_ANALYZER_NUMBER_OBJECT_CONVERSION = YES_AGGRESSIVE;
				CLANG_CXX_LANGUAGE_STANDARD = "gnu++17";
				CLANG_CXX_LIBRARY = "libc++";
				CLANG_ENABLE_MODULES = YES;
				CLANG_ENABLE_OBJC_ARC = YES;
				CLANG_ENABLE_OBJC_WEAK = YES;
				CLANG_WARN_BLOCK_CAPTURE_AUTORELEASING = YES;
				CLANG_WARN_BOOL_CONVERSION = YES;
				CLANG_WARN_COMMA = YES;
				CLANG_WARN_CONSTANT_CONVERSION = YES;
				CLANG_WARN_DEPRECATED_OBJC_IMPLEMENTATIONS = YES;
				CLANG_WARN_DIRECT_OBJC_ISA_USAGE = YES_ERROR;
				CLANG_WARN_DOCUMENTATION_COMMENTS = YES;
				CLANG_WARN_EMPTY_BODY = YES;
				CLANG_WARN_ENUM_CONVERSION = YES;
				CLANG_WARN_INFINITE_RECURSION = YES;
				CLANG_WARN_INT_CONVERSION = YES;
				CLANG_WARN_NON_LITERAL_NULL_CONVERSION = YES;
				CLANG_WARN_OBJC_IMPLICIT_RETAIN_SELF = YES;
				CLANG_WARN_OBJC_LITERAL_CONVERSION = YES;
				CLANG_WARN_OBJC_ROOT_CLASS = YES_ERROR;
				CLANG_WARN_QUOTED_INCLUDE_IN_FRAMEWORK_HEADER = YES;
				CLANG_WARN_RANGE_LOOP_ANALYSIS = YES;
				CLANG_WARN_STRICT_PROTOTYPES = YES;
				CLANG_WARN_SUSPICIOUS_MOVE = YES;
				CLANG_WARN_UNGUARDED_AVAILABILITY = YES_AGGRESSIVE;
				CLANG_WARN_UNREACHABLE_CODE = YES;
				CLANG_WARN__DUPLICATE_METHOD_MATCH = YES;
				COPY_PHASE_STRIP = NO;
				DEBUG_INFORMATION_FORMAT = "dwarf-with-dsym";
				ENABLE_NS_ASSERTIONS = NO;
				ENABLE_STRICT_OBJC_MSGSEND = YES;
				GCC_C_LANGUAGE_STANDARD = gnu11;
				GCC_NO_COMMON_BLOCKS = YES;
				GCC_WARN_64_TO_32_BIT_CONVERSION = YES;
				GCC_WARN_ABOUT_RETURN_TYPE = YES_ERROR;
				GCC_WARN_UNDECLARED_SELECTOR = YES;
				GCC_WARN_UNINITIALIZED_AUTOS = YES_AGGRESSIVE;
				GCC_WARN_UNUSED_FUNCTION = YES;
				GCC_WARN_UNUSED_VARIABLE = YES;
				IPHONEOS_DEPLOYMENT_TARGET = 15.0;
				MTL_ENABLE_DEBUG_INFO = NO;
				MTL_FAST_MATH = YES;
				SDKROOT = iphoneos;
				SWIFT_COMPILATION_MODE = wholemodule;
				SWIFT_OPTIMIZATION_LEVEL = "-O";
				VALIDATE_PRODUCT = YES;
			};
			name = Release;
		};
		21164F1726E983CA008B87E0 /* Debug */ = {
			isa = XCBuildConfiguration;
			buildSettings = {
				ASSETCATALOG_COMPILER_APPICON_NAME = AppIcon;
				ASSETCATALOG_COMPILER_GLOBAL_ACCENT_COLOR_NAME = AccentColor;
				CODE_SIGN_STYLE = Automatic;
				CURRENT_PROJECT_VERSION = 1;
				DEVELOPMENT_TEAM = 372S63A2R8;
				GENERATE_INFOPLIST_FILE = YES;
				INFOPLIST_FILE = Groups/Info.plist;
				INFOPLIST_KEY_UIApplicationSupportsIndirectInputEvents = YES;
				INFOPLIST_KEY_UILaunchStoryboardName = LaunchScreen;
				INFOPLIST_KEY_UISupportedInterfaceOrientations_iPad = "UIInterfaceOrientationPortrait UIInterfaceOrientationPortraitUpsideDown UIInterfaceOrientationLandscapeLeft UIInterfaceOrientationLandscapeRight";
				INFOPLIST_KEY_UISupportedInterfaceOrientations_iPhone = "UIInterfaceOrientationPortrait UIInterfaceOrientationLandscapeLeft UIInterfaceOrientationLandscapeRight";
				LD_RUNPATH_SEARCH_PATHS = (
					"$(inherited)",
					"@executable_path/Frameworks",
				);
				MARKETING_VERSION = 1.0;
				PRODUCT_BUNDLE_IDENTIFIER = com.goldenhillsoftware.Groups;
				PRODUCT_NAME = "$(TARGET_NAME)";
				SWIFT_EMIT_LOC_STRINGS = YES;
				SWIFT_VERSION = 5.0;
				TARGETED_DEVICE_FAMILY = "1,2";
			};
			name = Debug;
		};
		21164F1826E983CA008B87E0 /* Release */ = {
			isa = XCBuildConfiguration;
			buildSettings = {
				ASSETCATALOG_COMPILER_APPICON_NAME = AppIcon;
				ASSETCATALOG_COMPILER_GLOBAL_ACCENT_COLOR_NAME = AccentColor;
				CODE_SIGN_STYLE = Automatic;
				CURRENT_PROJECT_VERSION = 1;
				DEVELOPMENT_TEAM = 372S63A2R8;
				GENERATE_INFOPLIST_FILE = YES;
				INFOPLIST_FILE = Groups/Info.plist;
				INFOPLIST_KEY_UIApplicationSupportsIndirectInputEvents = YES;
				INFOPLIST_KEY_UILaunchStoryboardName = LaunchScreen;
				INFOPLIST_KEY_UISupportedInterfaceOrientations_iPad = "UIInterfaceOrientationPortrait UIInterfaceOrientationPortraitUpsideDown UIInterfaceOrientationLandscapeLeft UIInterfaceOrientationLandscapeRight";
				INFOPLIST_KEY_UISupportedInterfaceOrientations_iPhone = "UIInterfaceOrientationPortrait UIInterfaceOrientationLandscapeLeft UIInterfaceOrientationLandscapeRight";
				LD_RUNPATH_SEARCH_PATHS = (
					"$(inherited)",
					"@executable_path/Frameworks",
				);
				MARKETING_VERSION = 1.0;
				PRODUCT_BUNDLE_IDENTIFIER = com.goldenhillsoftware.Groups;
				PRODUCT_NAME = "$(TARGET_NAME)";
				SWIFT_EMIT_LOC_STRINGS = YES;
				SWIFT_VERSION = 5.0;
				TARGETED_DEVICE_FAMILY = "1,2";
			};
			name = Release;
		};
		21164F1A26E983CA008B87E0 /* Debug */ = {
			isa = XCBuildConfiguration;
			buildSettings = {
				ALWAYS_EMBED_SWIFT_STANDARD_LIBRARIES = YES;
				BUNDLE_LOADER = "$(TEST_HOST)";
				CODE_SIGN_STYLE = Automatic;
				CURRENT_PROJECT_VERSION = 1;
				DEVELOPMENT_TEAM = 372S63A2R8;
				GENERATE_INFOPLIST_FILE = YES;
				IPHONEOS_DEPLOYMENT_TARGET = 15.0;
				LD_RUNPATH_SEARCH_PATHS = (
					"$(inherited)",
					"@executable_path/Frameworks",
					"@loader_path/Frameworks",
				);
				MARKETING_VERSION = 1.0;
				PRODUCT_BUNDLE_IDENTIFIER = com.goldenhillsoftware.GroupsTests;
				PRODUCT_NAME = "$(TARGET_NAME)";
				SWIFT_EMIT_LOC_STRINGS = NO;
				SWIFT_VERSION = 5.0;
				TARGETED_DEVICE_FAMILY = "1,2";
				TEST_HOST = "$(BUILT_PRODUCTS_DIR)/Groups.app/Groups";
			};
			name = Debug;
		};
		21164F1B26E983CA008B87E0 /* Release */ = {
			isa = XCBuildConfiguration;
			buildSettings = {
				ALWAYS_EMBED_SWIFT_STANDARD_LIBRARIES = YES;
				BUNDLE_LOADER = "$(TEST_HOST)";
				CODE_SIGN_STYLE = Automatic;
				CURRENT_PROJECT_VERSION = 1;
				DEVELOPMENT_TEAM = 372S63A2R8;
				GENERATE_INFOPLIST_FILE = YES;
				IPHONEOS_DEPLOYMENT_TARGET = 15.0;
				LD_RUNPATH_SEARCH_PATHS = (
					"$(inherited)",
					"@executable_path/Frameworks",
					"@loader_path/Frameworks",
				);
				MARKETING_VERSION = 1.0;
				PRODUCT_BUNDLE_IDENTIFIER = com.goldenhillsoftware.GroupsTests;
				PRODUCT_NAME = "$(TARGET_NAME)";
				SWIFT_EMIT_LOC_STRINGS = NO;
				SWIFT_VERSION = 5.0;
				TARGETED_DEVICE_FAMILY = "1,2";
				TEST_HOST = "$(BUILT_PRODUCTS_DIR)/Groups.app/Groups";
			};
			name = Release;
		};
		21164F1D26E983CA008B87E0 /* Debug */ = {
			isa = XCBuildConfiguration;
			buildSettings = {
				ALWAYS_EMBED_SWIFT_STANDARD_LIBRARIES = YES;
				CODE_SIGN_STYLE = Automatic;
				CURRENT_PROJECT_VERSION = 1;
				DEVELOPMENT_TEAM = 372S63A2R8;
				GENERATE_INFOPLIST_FILE = YES;
				LD_RUNPATH_SEARCH_PATHS = (
					"$(inherited)",
					"@executable_path/Frameworks",
					"@loader_path/Frameworks",
				);
				MARKETING_VERSION = 1.0;
				PRODUCT_BUNDLE_IDENTIFIER = com.goldenhillsoftware.GroupsUITests;
				PRODUCT_NAME = "$(TARGET_NAME)";
				SWIFT_EMIT_LOC_STRINGS = NO;
				SWIFT_VERSION = 5.0;
				TARGETED_DEVICE_FAMILY = "1,2";
				TEST_TARGET_NAME = Groups;
			};
			name = Debug;
		};
		21164F1E26E983CA008B87E0 /* Release */ = {
			isa = XCBuildConfiguration;
			buildSettings = {
				ALWAYS_EMBED_SWIFT_STANDARD_LIBRARIES = YES;
				CODE_SIGN_STYLE = Automatic;
				CURRENT_PROJECT_VERSION = 1;
				DEVELOPMENT_TEAM = 372S63A2R8;
				GENERATE_INFOPLIST_FILE = YES;
				LD_RUNPATH_SEARCH_PATHS = (
					"$(inherited)",
					"@executable_path/Frameworks",
					"@loader_path/Frameworks",
				);
				MARKETING_VERSION = 1.0;
				PRODUCT_BUNDLE_IDENTIFIER = com.goldenhillsoftware.GroupsUITests;
				PRODUCT_NAME = "$(TARGET_NAME)";
				SWIFT_EMIT_LOC_STRINGS = NO;
				SWIFT_VERSION = 5.0;
				TARGETED_DEVICE_FAMILY = "1,2";
				TEST_TARGET_NAME = Groups;
			};
			name = Release;
		};
/* End XCBuildConfiguration section */

/* Begin XCConfigurationList section */
		21164EE726E983C7008B87E0 /* Build configuration list for PBXProject "Groups" */ = {
			isa = XCConfigurationList;
			buildConfigurations = (
				21164F1426E983CA008B87E0 /* Debug */,
				21164F1526E983CA008B87E0 /* Release */,
			);
			defaultConfigurationIsVisible = 0;
			defaultConfigurationName = Release;
		};
		21164F1626E983CA008B87E0 /* Build configuration list for PBXNativeTarget "Groups" */ = {
			isa = XCConfigurationList;
			buildConfigurations = (
				21164F1726E983CA008B87E0 /* Debug */,
				21164F1826E983CA008B87E0 /* Release */,
			);
			defaultConfigurationIsVisible = 0;
			defaultConfigurationName = Release;
		};
		21164F1926E983CA008B87E0 /* Build configuration list for PBXNativeTarget "GroupsTests" */ = {
			isa = XCConfigurationList;
			buildConfigurations = (
				21164F1A26E983CA008B87E0 /* Debug */,
				21164F1B26E983CA008B87E0 /* Release */,
			);
			defaultConfigurationIsVisible = 0;
			defaultConfigurationName = Release;
		};
		21164F1C26E983CA008B87E0 /* Build configuration list for PBXNativeTarget "GroupsUITests" */ = {
			isa = XCConfigurationList;
			buildConfigurations = (
				21164F1D26E983CA008B87E0 /* Debug */,
				21164F1E26E983CA008B87E0 /* Release */,
			);
			defaultConfigurationIsVisible = 0;
			defaultConfigurationName = Release;
		};
/* End XCConfigurationList section */
	};
	rootObject = 21164EE426E983C7008B87E0 /* Project object */;
}
